// !$*UTF8*$!
{
	archiveVersion = 1;
	classes = {
	};
	objectVersion = 46;
	objects = {

/* Begin PBXBuildFile section */
		0869D0DC1E94295B00C8475E /* UIViewController+HideKeyboard.swift in Sources */ = {isa = PBXBuildFile; fileRef = 0869D0DB1E94295B00C8475E /* UIViewController+HideKeyboard.swift */; };
		0869D0DE1E94425300C8475E /* UIViewController+KeyboardNotifications.swift in Sources */ = {isa = PBXBuildFile; fileRef = 0869D0DD1E94425300C8475E /* UIViewController+KeyboardNotifications.swift */; };
		0869D0E01E9558BE00C8475E /* InsuranceCheckViewController.swift in Sources */ = {isa = PBXBuildFile; fileRef = 0869D0DF1E9558BE00C8475E /* InsuranceCheckViewController.swift */; };
		0869D0E21E966D3C00C8475E /* BMICalculatorViewController.swift in Sources */ = {isa = PBXBuildFile; fileRef = 0869D0E11E966D3C00C8475E /* BMICalculatorViewController.swift */; };
		0869D0E41E9672E800C8475E /* InputTextView.swift in Sources */ = {isa = PBXBuildFile; fileRef = 0869D0E31E9672E800C8475E /* InputTextView.swift */; };
		0869D0E61E9672F500C8475E /* InputTextView.xib in Resources */ = {isa = PBXBuildFile; fileRef = 0869D0E51E9672F500C8475E /* InputTextView.xib */; };
		0869D0E81E96731A00C8475E /* CustomView.swift in Sources */ = {isa = PBXBuildFile; fileRef = 0869D0E71E96731A00C8475E /* CustomView.swift */; };
		0869D0EA1E96B63100C8475E /* SocialNetworksViewController.swift in Sources */ = {isa = PBXBuildFile; fileRef = 0869D0E91E96B63100C8475E /* SocialNetworksViewController.swift */; };
		0869D0EC1E96BAB300C8475E /* SocialMediaButtonView.swift in Sources */ = {isa = PBXBuildFile; fileRef = 0869D0EB1E96BAB300C8475E /* SocialMediaButtonView.swift */; };
		0869D0EE1E96BAC900C8475E /* SocialMediaButtonView.xib in Resources */ = {isa = PBXBuildFile; fileRef = 0869D0ED1E96BAC900C8475E /* SocialMediaButtonView.xib */; };
		0869D0F01E96F01200C8475E /* ContactViewController.swift in Sources */ = {isa = PBXBuildFile; fileRef = 0869D0EF1E96F01200C8475E /* ContactViewController.swift */; };
		0869D0F21E97E69C00C8475E /* Localizable.strings in Resources */ = {isa = PBXBuildFile; fileRef = 0869D0F11E97E69C00C8475E /* Localizable.strings */; };
		0869D0F41E98D66000C8475E /* FeedbackViewController.swift in Sources */ = {isa = PBXBuildFile; fileRef = 0869D0F31E98D66000C8475E /* FeedbackViewController.swift */; };
		0869D0F61E98E50100C8475E /* SettingsViewController.swift in Sources */ = {isa = PBXBuildFile; fileRef = 0869D0F51E98E50100C8475E /* SettingsViewController.swift */; };
		0869D0F81E9913BC00C8475E /* ExplanationOverlayView.swift in Sources */ = {isa = PBXBuildFile; fileRef = 0869D0F71E9913BC00C8475E /* ExplanationOverlayView.swift */; };
		0869D0FC1E9A494300C8475E /* InfoCenterViewController.swift in Sources */ = {isa = PBXBuildFile; fileRef = 0869D0FB1E9A494300C8475E /* InfoCenterViewController.swift */; };
		0869D0FE1E9A795600C8475E /* InfoDetailsViewController.swift in Sources */ = {isa = PBXBuildFile; fileRef = 0869D0FD1E9A795600C8475E /* InfoDetailsViewController.swift */; };
		0869D1001E9B872200C8475E /* String+Extension.swift in Sources */ = {isa = PBXBuildFile; fileRef = 0869D0FF1E9B872200C8475E /* String+Extension.swift */; };
		0869D1021E9BCD5C00C8475E /* DoctorsAdviceViewController.swift in Sources */ = {isa = PBXBuildFile; fileRef = 0869D1011E9BCD5C00C8475E /* DoctorsAdviceViewController.swift */; };
		0869D1041E9C046B00C8475E /* VaccinesViewController.swift in Sources */ = {isa = PBXBuildFile; fileRef = 0869D1031E9C046B00C8475E /* VaccinesViewController.swift */; };
		0869D1061E9CD4EE00C8475E /* VaccinesDetailsViewController.swift in Sources */ = {isa = PBXBuildFile; fileRef = 0869D1051E9CD4EE00C8475E /* VaccinesDetailsViewController.swift */; };
		08731F4A1EA66FC2000E9104 /* GoogleService-Info.plist in Resources */ = {isa = PBXBuildFile; fileRef = 08731F491EA66FC2000E9104 /* GoogleService-Info.plist */; };
		089614EC1E7FD11800F1AFDA /* AppDelegate.swift in Sources */ = {isa = PBXBuildFile; fileRef = 089614EB1E7FD11800F1AFDA /* AppDelegate.swift */; };
		089614EE1E7FD11800F1AFDA /* MasterViewController.swift in Sources */ = {isa = PBXBuildFile; fileRef = 089614ED1E7FD11800F1AFDA /* MasterViewController.swift */; };
		089614F11E7FD11800F1AFDA /* Main.storyboard in Resources */ = {isa = PBXBuildFile; fileRef = 089614EF1E7FD11800F1AFDA /* Main.storyboard */; };
		089614F41E7FD11800F1AFDA /* DomZdravlja.xcdatamodeld in Sources */ = {isa = PBXBuildFile; fileRef = 089614F21E7FD11800F1AFDA /* DomZdravlja.xcdatamodeld */; };
		089614F61E7FD11800F1AFDA /* Assets.xcassets in Resources */ = {isa = PBXBuildFile; fileRef = 089614F51E7FD11800F1AFDA /* Assets.xcassets */; };
		089614F91E7FD11800F1AFDA /* LaunchScreen.storyboard in Resources */ = {isa = PBXBuildFile; fileRef = 089614F71E7FD11800F1AFDA /* LaunchScreen.storyboard */; };
		089615041E7FD11800F1AFDA /* DomZdravljaTests.swift in Sources */ = {isa = PBXBuildFile; fileRef = 089615031E7FD11800F1AFDA /* DomZdravljaTests.swift */; };
		0896150F1E7FD11800F1AFDA /* DomZdravljaUITests.swift in Sources */ = {isa = PBXBuildFile; fileRef = 0896150E1E7FD11800F1AFDA /* DomZdravljaUITests.swift */; };
		0896151D1E815D6F00F1AFDA /* Constants.swift in Sources */ = {isa = PBXBuildFile; fileRef = 0896151C1E815D6F00F1AFDA /* Constants.swift */; };
		08B944381E82AAB9001B201B /* MainOptionsViewController.swift in Sources */ = {isa = PBXBuildFile; fileRef = 08B944371E82AAB9001B201B /* MainOptionsViewController.swift */; };
		08B9443C1E83DB62001B201B /* DrawerViewController.swift in Sources */ = {isa = PBXBuildFile; fileRef = 08B9443B1E83DB62001B201B /* DrawerViewController.swift */; };
		08B944401E854B64001B201B /* NewsViewController.swift in Sources */ = {isa = PBXBuildFile; fileRef = 08B9443F1E854B64001B201B /* NewsViewController.swift */; };
		08B944431E856196001B201B /* NewsTableViewCell.swift in Sources */ = {isa = PBXBuildFile; fileRef = 08B944411E856196001B201B /* NewsTableViewCell.swift */; };
		08B944441E856196001B201B /* NewsTableViewCell.xib in Resources */ = {isa = PBXBuildFile; fileRef = 08B944421E856196001B201B /* NewsTableViewCell.xib */; };
		08B944461E85690D001B201B /* News.swift in Sources */ = {isa = PBXBuildFile; fileRef = 08B944451E85690D001B201B /* News.swift */; };
		08B944481E8886F8001B201B /* CommunicationService.swift in Sources */ = {isa = PBXBuildFile; fileRef = 08B944471E8886F8001B201B /* CommunicationService.swift */; };
		08B944C21E8E8E07001B201B /* Utilities.swift in Sources */ = {isa = PBXBuildFile; fileRef = 08B944C11E8E8E07001B201B /* Utilities.swift */; };
		08C2E3E31E8EDB4C00AA518A /* NewsDetailsViewController.swift in Sources */ = {isa = PBXBuildFile; fileRef = 08C2E3E21E8EDB4C00AA518A /* NewsDetailsViewController.swift */; };
		08C2E3E51E9022E500AA518A /* InsetLabel.swift in Sources */ = {isa = PBXBuildFile; fileRef = 08C2E3E41E9022E500AA518A /* InsetLabel.swift */; };
		08C2E3E71E925DD800AA518A /* AppointmentFormViewController.swift in Sources */ = {isa = PBXBuildFile; fileRef = 08C2E3E61E925DD800AA518A /* AppointmentFormViewController.swift */; };
		08C2E3E91E925FA100AA518A /* InputTextFieldView.xib in Resources */ = {isa = PBXBuildFile; fileRef = 08C2E3E81E925FA100AA518A /* InputTextFieldView.xib */; };
		08C2E3EB1E92657500AA518A /* InputTextFieldView.swift in Sources */ = {isa = PBXBuildFile; fileRef = 08C2E3EA1E92657500AA518A /* InputTextFieldView.swift */; };
		08CE74A61E9D0E5100079466 /* LabelWithBackground.swift in Sources */ = {isa = PBXBuildFile; fileRef = 08CE74A51E9D0E5100079466 /* LabelWithBackground.swift */; };
		08CE74A81E9D0E5F00079466 /* LabelWithBackground.xib in Resources */ = {isa = PBXBuildFile; fileRef = 08CE74A71E9D0E5F00079466 /* LabelWithBackground.xib */; };
		08CE74AA1E9E4FC200079466 /* OnlineAppointmentViewController.swift in Sources */ = {isa = PBXBuildFile; fileRef = 08CE74A91E9E4FC200079466 /* OnlineAppointmentViewController.swift */; };
		43888D18D274D28D70B57E20 /* Pods_DomZdravlja.framework in Frameworks */ = {isa = PBXBuildFile; fileRef = 664A3A74F0DAC5B48C7CF00B /* Pods_DomZdravlja.framework */; };
		588D615A7CFF87E741A59F3B /* Pods_DomZdravljaUITests.framework in Frameworks */ = {isa = PBXBuildFile; fileRef = E17083DE8458F53B79731917 /* Pods_DomZdravljaUITests.framework */; };
		E701C1A244F6851BF8F74729 /* Pods_DomZdravljaTests.framework in Frameworks */ = {isa = PBXBuildFile; fileRef = 8A00AE87D0CB6C1DCAC49CB3 /* Pods_DomZdravljaTests.framework */; };
/* End PBXBuildFile section */

/* Begin PBXContainerItemProxy section */
		089615001E7FD11800F1AFDA /* PBXContainerItemProxy */ = {
			isa = PBXContainerItemProxy;
			containerPortal = 089614E01E7FD11800F1AFDA /* Project object */;
			proxyType = 1;
			remoteGlobalIDString = 089614E71E7FD11800F1AFDA;
			remoteInfo = DomZdravlja;
		};
		0896150B1E7FD11800F1AFDA /* PBXContainerItemProxy */ = {
			isa = PBXContainerItemProxy;
			containerPortal = 089614E01E7FD11800F1AFDA /* Project object */;
			proxyType = 1;
			remoteGlobalIDString = 089614E71E7FD11800F1AFDA;
			remoteInfo = DomZdravlja;
		};
/* End PBXContainerItemProxy section */

/* Begin PBXFileReference section */
		0869D0DB1E94295B00C8475E /* UIViewController+HideKeyboard.swift */ = {isa = PBXFileReference; fileEncoding = 4; lastKnownFileType = sourcecode.swift; path = "UIViewController+HideKeyboard.swift"; sourceTree = "<group>"; };
		0869D0DD1E94425300C8475E /* UIViewController+KeyboardNotifications.swift */ = {isa = PBXFileReference; fileEncoding = 4; lastKnownFileType = sourcecode.swift; path = "UIViewController+KeyboardNotifications.swift"; sourceTree = "<group>"; };
		0869D0DF1E9558BE00C8475E /* InsuranceCheckViewController.swift */ = {isa = PBXFileReference; fileEncoding = 4; lastKnownFileType = sourcecode.swift; path = InsuranceCheckViewController.swift; sourceTree = "<group>"; };
		0869D0E11E966D3C00C8475E /* BMICalculatorViewController.swift */ = {isa = PBXFileReference; fileEncoding = 4; lastKnownFileType = sourcecode.swift; path = BMICalculatorViewController.swift; sourceTree = "<group>"; };
		0869D0E31E9672E800C8475E /* InputTextView.swift */ = {isa = PBXFileReference; fileEncoding = 4; lastKnownFileType = sourcecode.swift; path = InputTextView.swift; sourceTree = "<group>"; };
		0869D0E51E9672F500C8475E /* InputTextView.xib */ = {isa = PBXFileReference; fileEncoding = 4; lastKnownFileType = file.xib; path = InputTextView.xib; sourceTree = "<group>"; };
		0869D0E71E96731A00C8475E /* CustomView.swift */ = {isa = PBXFileReference; fileEncoding = 4; lastKnownFileType = sourcecode.swift; path = CustomView.swift; sourceTree = "<group>"; };
		0869D0E91E96B63100C8475E /* SocialNetworksViewController.swift */ = {isa = PBXFileReference; fileEncoding = 4; lastKnownFileType = sourcecode.swift; path = SocialNetworksViewController.swift; sourceTree = "<group>"; };
		0869D0EB1E96BAB300C8475E /* SocialMediaButtonView.swift */ = {isa = PBXFileReference; fileEncoding = 4; lastKnownFileType = sourcecode.swift; path = SocialMediaButtonView.swift; sourceTree = "<group>"; };
		0869D0ED1E96BAC900C8475E /* SocialMediaButtonView.xib */ = {isa = PBXFileReference; fileEncoding = 4; lastKnownFileType = file.xib; path = SocialMediaButtonView.xib; sourceTree = "<group>"; };
		0869D0EF1E96F01200C8475E /* ContactViewController.swift */ = {isa = PBXFileReference; fileEncoding = 4; lastKnownFileType = sourcecode.swift; path = ContactViewController.swift; sourceTree = "<group>"; };
		0869D0F11E97E69C00C8475E /* Localizable.strings */ = {isa = PBXFileReference; fileEncoding = 4; lastKnownFileType = text.plist.strings; path = Localizable.strings; sourceTree = "<group>"; };
		0869D0F31E98D66000C8475E /* FeedbackViewController.swift */ = {isa = PBXFileReference; fileEncoding = 4; lastKnownFileType = sourcecode.swift; path = FeedbackViewController.swift; sourceTree = "<group>"; };
		0869D0F51E98E50100C8475E /* SettingsViewController.swift */ = {isa = PBXFileReference; fileEncoding = 4; lastKnownFileType = sourcecode.swift; path = SettingsViewController.swift; sourceTree = "<group>"; };
		0869D0F71E9913BC00C8475E /* ExplanationOverlayView.swift */ = {isa = PBXFileReference; fileEncoding = 4; lastKnownFileType = sourcecode.swift; path = ExplanationOverlayView.swift; sourceTree = "<group>"; };
		0869D0FB1E9A494300C8475E /* InfoCenterViewController.swift */ = {isa = PBXFileReference; fileEncoding = 4; lastKnownFileType = sourcecode.swift; path = InfoCenterViewController.swift; sourceTree = "<group>"; };
		0869D0FD1E9A795600C8475E /* InfoDetailsViewController.swift */ = {isa = PBXFileReference; fileEncoding = 4; lastKnownFileType = sourcecode.swift; path = InfoDetailsViewController.swift; sourceTree = "<group>"; };
		0869D0FF1E9B872200C8475E /* String+Extension.swift */ = {isa = PBXFileReference; fileEncoding = 4; lastKnownFileType = sourcecode.swift; path = "String+Extension.swift"; sourceTree = "<group>"; };
		0869D1011E9BCD5C00C8475E /* DoctorsAdviceViewController.swift */ = {isa = PBXFileReference; fileEncoding = 4; lastKnownFileType = sourcecode.swift; path = DoctorsAdviceViewController.swift; sourceTree = "<group>"; };
		0869D1031E9C046B00C8475E /* VaccinesViewController.swift */ = {isa = PBXFileReference; fileEncoding = 4; lastKnownFileType = sourcecode.swift; path = VaccinesViewController.swift; sourceTree = "<group>"; };
		0869D1051E9CD4EE00C8475E /* VaccinesDetailsViewController.swift */ = {isa = PBXFileReference; fileEncoding = 4; lastKnownFileType = sourcecode.swift; path = VaccinesDetailsViewController.swift; sourceTree = "<group>"; };
		08731F491EA66FC2000E9104 /* GoogleService-Info.plist */ = {isa = PBXFileReference; fileEncoding = 4; lastKnownFileType = text.plist.xml; name = "GoogleService-Info.plist"; path = "../GoogleService-Info.plist"; sourceTree = "<group>"; };
		089614E81E7FD11800F1AFDA /* DomZdravlja.app */ = {isa = PBXFileReference; explicitFileType = wrapper.application; includeInIndex = 0; path = DomZdravlja.app; sourceTree = BUILT_PRODUCTS_DIR; };
		089614EB1E7FD11800F1AFDA /* AppDelegate.swift */ = {isa = PBXFileReference; lastKnownFileType = sourcecode.swift; path = AppDelegate.swift; sourceTree = "<group>"; };
		089614ED1E7FD11800F1AFDA /* MasterViewController.swift */ = {isa = PBXFileReference; lastKnownFileType = sourcecode.swift; path = MasterViewController.swift; sourceTree = "<group>"; };
		089614F01E7FD11800F1AFDA /* Base */ = {isa = PBXFileReference; lastKnownFileType = file.storyboard; name = Base; path = Base.lproj/Main.storyboard; sourceTree = "<group>"; };
		089614F31E7FD11800F1AFDA /* DomZdravlja.xcdatamodel */ = {isa = PBXFileReference; lastKnownFileType = wrapper.xcdatamodel; path = DomZdravlja.xcdatamodel; sourceTree = "<group>"; };
		089614F51E7FD11800F1AFDA /* Assets.xcassets */ = {isa = PBXFileReference; lastKnownFileType = folder.assetcatalog; path = Assets.xcassets; sourceTree = "<group>"; };
		089614F81E7FD11800F1AFDA /* Base */ = {isa = PBXFileReference; lastKnownFileType = file.storyboard; name = Base; path = Base.lproj/LaunchScreen.storyboard; sourceTree = "<group>"; };
		089614FA1E7FD11800F1AFDA /* Info.plist */ = {isa = PBXFileReference; lastKnownFileType = text.plist.xml; path = Info.plist; sourceTree = "<group>"; };
		089614FF1E7FD11800F1AFDA /* DomZdravljaTests.xctest */ = {isa = PBXFileReference; explicitFileType = wrapper.cfbundle; includeInIndex = 0; path = DomZdravljaTests.xctest; sourceTree = BUILT_PRODUCTS_DIR; };
		089615031E7FD11800F1AFDA /* DomZdravljaTests.swift */ = {isa = PBXFileReference; lastKnownFileType = sourcecode.swift; path = DomZdravljaTests.swift; sourceTree = "<group>"; };
		089615051E7FD11800F1AFDA /* Info.plist */ = {isa = PBXFileReference; lastKnownFileType = text.plist.xml; path = Info.plist; sourceTree = "<group>"; };
		0896150A1E7FD11800F1AFDA /* DomZdravljaUITests.xctest */ = {isa = PBXFileReference; explicitFileType = wrapper.cfbundle; includeInIndex = 0; path = DomZdravljaUITests.xctest; sourceTree = BUILT_PRODUCTS_DIR; };
		0896150E1E7FD11800F1AFDA /* DomZdravljaUITests.swift */ = {isa = PBXFileReference; lastKnownFileType = sourcecode.swift; path = DomZdravljaUITests.swift; sourceTree = "<group>"; };
		089615101E7FD11800F1AFDA /* Info.plist */ = {isa = PBXFileReference; lastKnownFileType = text.plist.xml; path = Info.plist; sourceTree = "<group>"; };
		0896151C1E815D6F00F1AFDA /* Constants.swift */ = {isa = PBXFileReference; fileEncoding = 4; lastKnownFileType = sourcecode.swift; path = Constants.swift; sourceTree = "<group>"; };
		08B944371E82AAB9001B201B /* MainOptionsViewController.swift */ = {isa = PBXFileReference; fileEncoding = 4; lastKnownFileType = sourcecode.swift; path = MainOptionsViewController.swift; sourceTree = "<group>"; };
		08B9443B1E83DB62001B201B /* DrawerViewController.swift */ = {isa = PBXFileReference; fileEncoding = 4; lastKnownFileType = sourcecode.swift; path = DrawerViewController.swift; sourceTree = "<group>"; };
		08B9443F1E854B64001B201B /* NewsViewController.swift */ = {isa = PBXFileReference; fileEncoding = 4; lastKnownFileType = sourcecode.swift; path = NewsViewController.swift; sourceTree = "<group>"; };
		08B944411E856196001B201B /* NewsTableViewCell.swift */ = {isa = PBXFileReference; fileEncoding = 4; lastKnownFileType = sourcecode.swift; path = NewsTableViewCell.swift; sourceTree = "<group>"; };
		08B944421E856196001B201B /* NewsTableViewCell.xib */ = {isa = PBXFileReference; fileEncoding = 4; lastKnownFileType = file.xib; path = NewsTableViewCell.xib; sourceTree = "<group>"; };
		08B944451E85690D001B201B /* News.swift */ = {isa = PBXFileReference; fileEncoding = 4; lastKnownFileType = sourcecode.swift; path = News.swift; sourceTree = "<group>"; };
		08B944471E8886F8001B201B /* CommunicationService.swift */ = {isa = PBXFileReference; fileEncoding = 4; lastKnownFileType = sourcecode.swift; path = CommunicationService.swift; sourceTree = "<group>"; };
		08B944C11E8E8E07001B201B /* Utilities.swift */ = {isa = PBXFileReference; fileEncoding = 4; lastKnownFileType = sourcecode.swift; path = Utilities.swift; sourceTree = "<group>"; };
		08C2E3E21E8EDB4C00AA518A /* NewsDetailsViewController.swift */ = {isa = PBXFileReference; fileEncoding = 4; lastKnownFileType = sourcecode.swift; path = NewsDetailsViewController.swift; sourceTree = "<group>"; };
		08C2E3E41E9022E500AA518A /* InsetLabel.swift */ = {isa = PBXFileReference; fileEncoding = 4; lastKnownFileType = sourcecode.swift; path = InsetLabel.swift; sourceTree = "<group>"; };
		08C2E3E61E925DD800AA518A /* AppointmentFormViewController.swift */ = {isa = PBXFileReference; fileEncoding = 4; lastKnownFileType = sourcecode.swift; path = AppointmentFormViewController.swift; sourceTree = "<group>"; };
		08C2E3E81E925FA100AA518A /* InputTextFieldView.xib */ = {isa = PBXFileReference; fileEncoding = 4; lastKnownFileType = file.xib; path = InputTextFieldView.xib; sourceTree = "<group>"; };
		08C2E3EA1E92657500AA518A /* InputTextFieldView.swift */ = {isa = PBXFileReference; fileEncoding = 4; lastKnownFileType = sourcecode.swift; path = InputTextFieldView.swift; sourceTree = "<group>"; };
		08CE74A51E9D0E5100079466 /* LabelWithBackground.swift */ = {isa = PBXFileReference; fileEncoding = 4; lastKnownFileType = sourcecode.swift; path = LabelWithBackground.swift; sourceTree = "<group>"; };
		08CE74A71E9D0E5F00079466 /* LabelWithBackground.xib */ = {isa = PBXFileReference; fileEncoding = 4; lastKnownFileType = file.xib; path = LabelWithBackground.xib; sourceTree = "<group>"; };
		08CE74A91E9E4FC200079466 /* OnlineAppointmentViewController.swift */ = {isa = PBXFileReference; fileEncoding = 4; lastKnownFileType = sourcecode.swift; path = OnlineAppointmentViewController.swift; sourceTree = "<group>"; };
		4CE57F489E6C04D987947029 /* Pods-DomZdravljaUITests.release.xcconfig */ = {isa = PBXFileReference; includeInIndex = 1; lastKnownFileType = text.xcconfig; name = "Pods-DomZdravljaUITests.release.xcconfig"; path = "Pods/Target Support Files/Pods-DomZdravljaUITests/Pods-DomZdravljaUITests.release.xcconfig"; sourceTree = "<group>"; };
		4D1F6712D9E91EC8EA5E39F3 /* Pods-DomZdravljaTests.release.xcconfig */ = {isa = PBXFileReference; includeInIndex = 1; lastKnownFileType = text.xcconfig; name = "Pods-DomZdravljaTests.release.xcconfig"; path = "Pods/Target Support Files/Pods-DomZdravljaTests/Pods-DomZdravljaTests.release.xcconfig"; sourceTree = "<group>"; };
		664A3A74F0DAC5B48C7CF00B /* Pods_DomZdravlja.framework */ = {isa = PBXFileReference; explicitFileType = wrapper.framework; includeInIndex = 0; path = Pods_DomZdravlja.framework; sourceTree = BUILT_PRODUCTS_DIR; };
		75A81B20A49D6A8F24AF63C8 /* Pods-DomZdravljaTests.debug.xcconfig */ = {isa = PBXFileReference; includeInIndex = 1; lastKnownFileType = text.xcconfig; name = "Pods-DomZdravljaTests.debug.xcconfig"; path = "Pods/Target Support Files/Pods-DomZdravljaTests/Pods-DomZdravljaTests.debug.xcconfig"; sourceTree = "<group>"; };
		8063099DDDF2EF0552BA0541 /* Pods-DomZdravlja.debug.xcconfig */ = {isa = PBXFileReference; includeInIndex = 1; lastKnownFileType = text.xcconfig; name = "Pods-DomZdravlja.debug.xcconfig"; path = "Pods/Target Support Files/Pods-DomZdravlja/Pods-DomZdravlja.debug.xcconfig"; sourceTree = "<group>"; };
		8A00AE87D0CB6C1DCAC49CB3 /* Pods_DomZdravljaTests.framework */ = {isa = PBXFileReference; explicitFileType = wrapper.framework; includeInIndex = 0; path = Pods_DomZdravljaTests.framework; sourceTree = BUILT_PRODUCTS_DIR; };
		908C5723E0C14495A86CDABA /* Pods-DomZdravlja.release.xcconfig */ = {isa = PBXFileReference; includeInIndex = 1; lastKnownFileType = text.xcconfig; name = "Pods-DomZdravlja.release.xcconfig"; path = "Pods/Target Support Files/Pods-DomZdravlja/Pods-DomZdravlja.release.xcconfig"; sourceTree = "<group>"; };
		CE5A35744AC97F9C14786FB1 /* Pods-DomZdravljaUITests.debug.xcconfig */ = {isa = PBXFileReference; includeInIndex = 1; lastKnownFileType = text.xcconfig; name = "Pods-DomZdravljaUITests.debug.xcconfig"; path = "Pods/Target Support Files/Pods-DomZdravljaUITests/Pods-DomZdravljaUITests.debug.xcconfig"; sourceTree = "<group>"; };
		E17083DE8458F53B79731917 /* Pods_DomZdravljaUITests.framework */ = {isa = PBXFileReference; explicitFileType = wrapper.framework; includeInIndex = 0; path = Pods_DomZdravljaUITests.framework; sourceTree = BUILT_PRODUCTS_DIR; };
/* End PBXFileReference section */

/* Begin PBXFrameworksBuildPhase section */
		089614E51E7FD11800F1AFDA /* Frameworks */ = {
			isa = PBXFrameworksBuildPhase;
			buildActionMask = 2147483647;
			files = (
				43888D18D274D28D70B57E20 /* Pods_DomZdravlja.framework in Frameworks */,
			);
			runOnlyForDeploymentPostprocessing = 0;
		};
		089614FC1E7FD11800F1AFDA /* Frameworks */ = {
			isa = PBXFrameworksBuildPhase;
			buildActionMask = 2147483647;
			files = (
				E701C1A244F6851BF8F74729 /* Pods_DomZdravljaTests.framework in Frameworks */,
			);
			runOnlyForDeploymentPostprocessing = 0;
		};
		089615071E7FD11800F1AFDA /* Frameworks */ = {
			isa = PBXFrameworksBuildPhase;
			buildActionMask = 2147483647;
			files = (
				588D615A7CFF87E741A59F3B /* Pods_DomZdravljaUITests.framework in Frameworks */,
			);
			runOnlyForDeploymentPostprocessing = 0;
		};
/* End PBXFrameworksBuildPhase section */

/* Begin PBXGroup section */
		089614DF1E7FD11800F1AFDA = {
			isa = PBXGroup;
			children = (
				089614EA1E7FD11800F1AFDA /* DomZdravlja */,
				089615021E7FD11800F1AFDA /* DomZdravljaTests */,
				0896150D1E7FD11800F1AFDA /* DomZdravljaUITests */,
				089614E91E7FD11800F1AFDA /* Products */,
				E2ABDD747FC3D262DD33DB03 /* Pods */,
				6CE8B08C383B8C63F3AFD2C0 /* Frameworks */,
			);
			sourceTree = "<group>";
		};
		089614E91E7FD11800F1AFDA /* Products */ = {
			isa = PBXGroup;
			children = (
				089614E81E7FD11800F1AFDA /* DomZdravlja.app */,
				089614FF1E7FD11800F1AFDA /* DomZdravljaTests.xctest */,
				0896150A1E7FD11800F1AFDA /* DomZdravljaUITests.xctest */,
			);
			name = Products;
			sourceTree = "<group>";
		};
		089614EA1E7FD11800F1AFDA /* DomZdravlja */ = {
			isa = PBXGroup;
			children = (
				08B9444A1E88881D001B201B /* Application */,
				08B9444C1E888842001B201B /* ViewControllers */,
				08B9444D1E888851001B201B /* Helpers */,
				08B9444E1E88885B001B201B /* Views */,
				08B9444B1E888829001B201B /* Models */,
				08B944491E888803001B201B /* Services */,
			);
			path = DomZdravlja;
			sourceTree = "<group>";
		};
		089615021E7FD11800F1AFDA /* DomZdravljaTests */ = {
			isa = PBXGroup;
			children = (
				089615031E7FD11800F1AFDA /* DomZdravljaTests.swift */,
				089615051E7FD11800F1AFDA /* Info.plist */,
			);
			path = DomZdravljaTests;
			sourceTree = "<group>";
		};
		0896150D1E7FD11800F1AFDA /* DomZdravljaUITests */ = {
			isa = PBXGroup;
			children = (
				0896150E1E7FD11800F1AFDA /* DomZdravljaUITests.swift */,
				089615101E7FD11800F1AFDA /* Info.plist */,
			);
			path = DomZdravljaUITests;
			sourceTree = "<group>";
		};
		08B944491E888803001B201B /* Services */ = {
			isa = PBXGroup;
			children = (
				08B944471E8886F8001B201B /* CommunicationService.swift */,
			);
			name = Services;
			sourceTree = "<group>";
		};
		08B9444A1E88881D001B201B /* Application */ = {
			isa = PBXGroup;
			children = (
				089614EB1E7FD11800F1AFDA /* AppDelegate.swift */,
				089614EF1E7FD11800F1AFDA /* Main.storyboard */,
				089614F51E7FD11800F1AFDA /* Assets.xcassets */,
				089614F71E7FD11800F1AFDA /* LaunchScreen.storyboard */,
				089614FA1E7FD11800F1AFDA /* Info.plist */,
				089614F21E7FD11800F1AFDA /* DomZdravlja.xcdatamodeld */,
				08731F491EA66FC2000E9104 /* GoogleService-Info.plist */,
				0869D0F11E97E69C00C8475E /* Localizable.strings */,
			);
			name = Application;
			sourceTree = "<group>";
		};
		08B9444B1E888829001B201B /* Models */ = {
			isa = PBXGroup;
			children = (
				08B944451E85690D001B201B /* News.swift */,
			);
			name = Models;
			sourceTree = "<group>";
		};
		08B9444C1E888842001B201B /* ViewControllers */ = {
			isa = PBXGroup;
			children = (
				089614ED1E7FD11800F1AFDA /* MasterViewController.swift */,
				08B944371E82AAB9001B201B /* MainOptionsViewController.swift */,
				08B9443B1E83DB62001B201B /* DrawerViewController.swift */,
				08B9443F1E854B64001B201B /* NewsViewController.swift */,
				08C2E3E21E8EDB4C00AA518A /* NewsDetailsViewController.swift */,
				08C2E3E61E925DD800AA518A /* AppointmentFormViewController.swift */,
				0869D0DF1E9558BE00C8475E /* InsuranceCheckViewController.swift */,
				0869D0E11E966D3C00C8475E /* BMICalculatorViewController.swift */,
				0869D0E91E96B63100C8475E /* SocialNetworksViewController.swift */,
				0869D0EF1E96F01200C8475E /* ContactViewController.swift */,
				0869D0F31E98D66000C8475E /* FeedbackViewController.swift */,
				0869D0F51E98E50100C8475E /* SettingsViewController.swift */,
				0869D0FB1E9A494300C8475E /* InfoCenterViewController.swift */,
				0869D0FD1E9A795600C8475E /* InfoDetailsViewController.swift */,
				0869D1011E9BCD5C00C8475E /* DoctorsAdviceViewController.swift */,
				0869D1031E9C046B00C8475E /* VaccinesViewController.swift */,
				0869D1051E9CD4EE00C8475E /* VaccinesDetailsViewController.swift */,
				08CE74A91E9E4FC200079466 /* OnlineAppointmentViewController.swift */,
			);
			name = ViewControllers;
			sourceTree = "<group>";
		};
		08B9444D1E888851001B201B /* Helpers */ = {
			isa = PBXGroup;
			children = (
				0896151C1E815D6F00F1AFDA /* Constants.swift */,
				08B944C11E8E8E07001B201B /* Utilities.swift */,
				08C2E3E41E9022E500AA518A /* InsetLabel.swift */,
				0869D0DB1E94295B00C8475E /* UIViewController+HideKeyboard.swift */,
				0869D0DD1E94425300C8475E /* UIViewController+KeyboardNotifications.swift */,
				0869D0FF1E9B872200C8475E /* String+Extension.swift */,
			);
			name = Helpers;
			sourceTree = "<group>";
		};
		08B9444E1E88885B001B201B /* Views */ = {
			isa = PBXGroup;
			children = (
				0869D0E71E96731A00C8475E /* CustomView.swift */,
				08B944411E856196001B201B /* NewsTableViewCell.swift */,
				08B944421E856196001B201B /* NewsTableViewCell.xib */,
				08C2E3EA1E92657500AA518A /* InputTextFieldView.swift */,
				08C2E3E81E925FA100AA518A /* InputTextFieldView.xib */,
				0869D0E31E9672E800C8475E /* InputTextView.swift */,
				0869D0E51E9672F500C8475E /* InputTextView.xib */,
				0869D0EB1E96BAB300C8475E /* SocialMediaButtonView.swift */,
				0869D0ED1E96BAC900C8475E /* SocialMediaButtonView.xib */,
				0869D0F71E9913BC00C8475E /* ExplanationOverlayView.swift */,
				08CE74A51E9D0E5100079466 /* LabelWithBackground.swift */,
				08CE74A71E9D0E5F00079466 /* LabelWithBackground.xib */,
			);
			name = Views;
			sourceTree = "<group>";
		};
		6CE8B08C383B8C63F3AFD2C0 /* Frameworks */ = {
			isa = PBXGroup;
			children = (
				664A3A74F0DAC5B48C7CF00B /* Pods_DomZdravlja.framework */,
				8A00AE87D0CB6C1DCAC49CB3 /* Pods_DomZdravljaTests.framework */,
				E17083DE8458F53B79731917 /* Pods_DomZdravljaUITests.framework */,
			);
			name = Frameworks;
			sourceTree = "<group>";
		};
		E2ABDD747FC3D262DD33DB03 /* Pods */ = {
			isa = PBXGroup;
			children = (
				8063099DDDF2EF0552BA0541 /* Pods-DomZdravlja.debug.xcconfig */,
				908C5723E0C14495A86CDABA /* Pods-DomZdravlja.release.xcconfig */,
				75A81B20A49D6A8F24AF63C8 /* Pods-DomZdravljaTests.debug.xcconfig */,
				4D1F6712D9E91EC8EA5E39F3 /* Pods-DomZdravljaTests.release.xcconfig */,
				CE5A35744AC97F9C14786FB1 /* Pods-DomZdravljaUITests.debug.xcconfig */,
				4CE57F489E6C04D987947029 /* Pods-DomZdravljaUITests.release.xcconfig */,
			);
			name = Pods;
			sourceTree = "<group>";
		};
/* End PBXGroup section */

/* Begin PBXNativeTarget section */
		089614E71E7FD11800F1AFDA /* DomZdravlja */ = {
			isa = PBXNativeTarget;
			buildConfigurationList = 089615131E7FD11800F1AFDA /* Build configuration list for PBXNativeTarget "DomZdravlja" */;
			buildPhases = (
				733EE820CE1A3CD6D8334DAF /* [CP] Check Pods Manifest.lock */,
				089614E41E7FD11800F1AFDA /* Sources */,
				089614E51E7FD11800F1AFDA /* Frameworks */,
				089614E61E7FD11800F1AFDA /* Resources */,
				A4A2D611C32C3B1976E05C87 /* [CP] Embed Pods Frameworks */,
				458E7B5CA0475036DBE8ACB0 /* [CP] Copy Pods Resources */,
			);
			buildRules = (
			);
			dependencies = (
			);
			name = DomZdravlja;
			productName = DomZdravlja;
			productReference = 089614E81E7FD11800F1AFDA /* DomZdravlja.app */;
			productType = "com.apple.product-type.application";
		};
		089614FE1E7FD11800F1AFDA /* DomZdravljaTests */ = {
			isa = PBXNativeTarget;
			buildConfigurationList = 089615161E7FD11800F1AFDA /* Build configuration list for PBXNativeTarget "DomZdravljaTests" */;
			buildPhases = (
				E32BBCC35299C7732336D896 /* [CP] Check Pods Manifest.lock */,
				089614FB1E7FD11800F1AFDA /* Sources */,
				089614FC1E7FD11800F1AFDA /* Frameworks */,
				089614FD1E7FD11800F1AFDA /* Resources */,
				F828A51F8FAB1A87FF3184BC /* [CP] Embed Pods Frameworks */,
				DD74217338A9AD8D993A3836 /* [CP] Copy Pods Resources */,
			);
			buildRules = (
			);
			dependencies = (
				089615011E7FD11800F1AFDA /* PBXTargetDependency */,
			);
			name = DomZdravljaTests;
			productName = DomZdravljaTests;
			productReference = 089614FF1E7FD11800F1AFDA /* DomZdravljaTests.xctest */;
			productType = "com.apple.product-type.bundle.unit-test";
		};
		089615091E7FD11800F1AFDA /* DomZdravljaUITests */ = {
			isa = PBXNativeTarget;
			buildConfigurationList = 089615191E7FD11800F1AFDA /* Build configuration list for PBXNativeTarget "DomZdravljaUITests" */;
			buildPhases = (
				BE369A9258DB446275CC5F93 /* [CP] Check Pods Manifest.lock */,
				089615061E7FD11800F1AFDA /* Sources */,
				089615071E7FD11800F1AFDA /* Frameworks */,
				089615081E7FD11800F1AFDA /* Resources */,
				74596B3D8D48D13B2B23252A /* [CP] Embed Pods Frameworks */,
				B3FF174CAF985ECBA86FE56C /* [CP] Copy Pods Resources */,
			);
			buildRules = (
			);
			dependencies = (
				0896150C1E7FD11800F1AFDA /* PBXTargetDependency */,
			);
			name = DomZdravljaUITests;
			productName = DomZdravljaUITests;
			productReference = 0896150A1E7FD11800F1AFDA /* DomZdravljaUITests.xctest */;
			productType = "com.apple.product-type.bundle.ui-testing";
		};
/* End PBXNativeTarget section */

/* Begin PBXProject section */
		089614E01E7FD11800F1AFDA /* Project object */ = {
			isa = PBXProject;
			attributes = {
				LastSwiftUpdateCheck = 0820;
				LastUpgradeCheck = 0820;
				ORGANIZATIONNAME = "Petar Santor";
				TargetAttributes = {
					089614E71E7FD11800F1AFDA = {
						CreatedOnToolsVersion = 8.2.1;
						DevelopmentTeam = UXWX3H22AD;
						ProvisioningStyle = Manual;
					};
					089614FE1E7FD11800F1AFDA = {
						CreatedOnToolsVersion = 8.2.1;
						DevelopmentTeam = 4S4TN8CRJT;
						ProvisioningStyle = Automatic;
						TestTargetID = 089614E71E7FD11800F1AFDA;
					};
					089615091E7FD11800F1AFDA = {
						CreatedOnToolsVersion = 8.2.1;
						DevelopmentTeam = 4S4TN8CRJT;
						ProvisioningStyle = Automatic;
						TestTargetID = 089614E71E7FD11800F1AFDA;
					};
				};
			};
			buildConfigurationList = 089614E31E7FD11800F1AFDA /* Build configuration list for PBXProject "DomZdravlja" */;
			compatibilityVersion = "Xcode 3.2";
			developmentRegion = English;
			hasScannedForEncodings = 0;
			knownRegions = (
				en,
				Base,
			);
			mainGroup = 089614DF1E7FD11800F1AFDA;
			productRefGroup = 089614E91E7FD11800F1AFDA /* Products */;
			projectDirPath = "";
			projectRoot = "";
			targets = (
				089614E71E7FD11800F1AFDA /* DomZdravlja */,
				089614FE1E7FD11800F1AFDA /* DomZdravljaTests */,
				089615091E7FD11800F1AFDA /* DomZdravljaUITests */,
			);
		};
/* End PBXProject section */

/* Begin PBXResourcesBuildPhase section */
		089614E61E7FD11800F1AFDA /* Resources */ = {
			isa = PBXResourcesBuildPhase;
			buildActionMask = 2147483647;
			files = (
				089614F91E7FD11800F1AFDA /* LaunchScreen.storyboard in Resources */,
				089614F61E7FD11800F1AFDA /* Assets.xcassets in Resources */,
				08CE74A81E9D0E5F00079466 /* LabelWithBackground.xib in Resources */,
				0869D0EE1E96BAC900C8475E /* SocialMediaButtonView.xib in Resources */,
				08B944441E856196001B201B /* NewsTableViewCell.xib in Resources */,
				0869D0E61E9672F500C8475E /* InputTextView.xib in Resources */,
				0869D0F21E97E69C00C8475E /* Localizable.strings in Resources */,
				08731F4A1EA66FC2000E9104 /* GoogleService-Info.plist in Resources */,
				089614F11E7FD11800F1AFDA /* Main.storyboard in Resources */,
				08C2E3E91E925FA100AA518A /* InputTextFieldView.xib in Resources */,
			);
			runOnlyForDeploymentPostprocessing = 0;
		};
		089614FD1E7FD11800F1AFDA /* Resources */ = {
			isa = PBXResourcesBuildPhase;
			buildActionMask = 2147483647;
			files = (
			);
			runOnlyForDeploymentPostprocessing = 0;
		};
		089615081E7FD11800F1AFDA /* Resources */ = {
			isa = PBXResourcesBuildPhase;
			buildActionMask = 2147483647;
			files = (
			);
			runOnlyForDeploymentPostprocessing = 0;
		};
/* End PBXResourcesBuildPhase section */

/* Begin PBXShellScriptBuildPhase section */
		458E7B5CA0475036DBE8ACB0 /* [CP] Copy Pods Resources */ = {
			isa = PBXShellScriptBuildPhase;
			buildActionMask = 2147483647;
			files = (
			);
			inputPaths = (
			);
			name = "[CP] Copy Pods Resources";
			outputPaths = (
			);
			runOnlyForDeploymentPostprocessing = 0;
			shellPath = /bin/sh;
			shellScript = "\"${SRCROOT}/Pods/Target Support Files/Pods-DomZdravlja/Pods-DomZdravlja-resources.sh\"\n";
			showEnvVarsInLog = 0;
		};
		733EE820CE1A3CD6D8334DAF /* [CP] Check Pods Manifest.lock */ = {
			isa = PBXShellScriptBuildPhase;
			buildActionMask = 2147483647;
			files = (
			);
			inputPaths = (
			);
			name = "[CP] Check Pods Manifest.lock";
			outputPaths = (
			);
			runOnlyForDeploymentPostprocessing = 0;
			shellPath = /bin/sh;
			shellScript = "diff \"${PODS_ROOT}/../Podfile.lock\" \"${PODS_ROOT}/Manifest.lock\" > /dev/null\nif [ $? != 0 ] ; then\n    # print error to STDERR\n    echo \"error: The sandbox is not in sync with the Podfile.lock. Run 'pod install' or update your CocoaPods installation.\" >&2\n    exit 1\nfi\n";
			showEnvVarsInLog = 0;
		};
		74596B3D8D48D13B2B23252A /* [CP] Embed Pods Frameworks */ = {
			isa = PBXShellScriptBuildPhase;
			buildActionMask = 2147483647;
			files = (
			);
			inputPaths = (
			);
			name = "[CP] Embed Pods Frameworks";
			outputPaths = (
			);
			runOnlyForDeploymentPostprocessing = 0;
			shellPath = /bin/sh;
			shellScript = "\"${SRCROOT}/Pods/Target Support Files/Pods-DomZdravljaUITests/Pods-DomZdravljaUITests-frameworks.sh\"\n";
			showEnvVarsInLog = 0;
		};
		A4A2D611C32C3B1976E05C87 /* [CP] Embed Pods Frameworks */ = {
			isa = PBXShellScriptBuildPhase;
			buildActionMask = 2147483647;
			files = (
			);
			inputPaths = (
			);
			name = "[CP] Embed Pods Frameworks";
			outputPaths = (
			);
			runOnlyForDeploymentPostprocessing = 0;
			shellPath = /bin/sh;
			shellScript = "\"${SRCROOT}/Pods/Target Support Files/Pods-DomZdravlja/Pods-DomZdravlja-frameworks.sh\"\n";
			showEnvVarsInLog = 0;
		};
		B3FF174CAF985ECBA86FE56C /* [CP] Copy Pods Resources */ = {
			isa = PBXShellScriptBuildPhase;
			buildActionMask = 2147483647;
			files = (
			);
			inputPaths = (
			);
			name = "[CP] Copy Pods Resources";
			outputPaths = (
			);
			runOnlyForDeploymentPostprocessing = 0;
			shellPath = /bin/sh;
			shellScript = "\"${SRCROOT}/Pods/Target Support Files/Pods-DomZdravljaUITests/Pods-DomZdravljaUITests-resources.sh\"\n";
			showEnvVarsInLog = 0;
		};
		BE369A9258DB446275CC5F93 /* [CP] Check Pods Manifest.lock */ = {
			isa = PBXShellScriptBuildPhase;
			buildActionMask = 2147483647;
			files = (
			);
			inputPaths = (
			);
			name = "[CP] Check Pods Manifest.lock";
			outputPaths = (
			);
			runOnlyForDeploymentPostprocessing = 0;
			shellPath = /bin/sh;
			shellScript = "diff \"${PODS_ROOT}/../Podfile.lock\" \"${PODS_ROOT}/Manifest.lock\" > /dev/null\nif [ $? != 0 ] ; then\n    # print error to STDERR\n    echo \"error: The sandbox is not in sync with the Podfile.lock. Run 'pod install' or update your CocoaPods installation.\" >&2\n    exit 1\nfi\n";
			showEnvVarsInLog = 0;
		};
		DD74217338A9AD8D993A3836 /* [CP] Copy Pods Resources */ = {
			isa = PBXShellScriptBuildPhase;
			buildActionMask = 2147483647;
			files = (
			);
			inputPaths = (
			);
			name = "[CP] Copy Pods Resources";
			outputPaths = (
			);
			runOnlyForDeploymentPostprocessing = 0;
			shellPath = /bin/sh;
			shellScript = "\"${SRCROOT}/Pods/Target Support Files/Pods-DomZdravljaTests/Pods-DomZdravljaTests-resources.sh\"\n";
			showEnvVarsInLog = 0;
		};
		E32BBCC35299C7732336D896 /* [CP] Check Pods Manifest.lock */ = {
			isa = PBXShellScriptBuildPhase;
			buildActionMask = 2147483647;
			files = (
			);
			inputPaths = (
			);
			name = "[CP] Check Pods Manifest.lock";
			outputPaths = (
			);
			runOnlyForDeploymentPostprocessing = 0;
			shellPath = /bin/sh;
			shellScript = "diff \"${PODS_ROOT}/../Podfile.lock\" \"${PODS_ROOT}/Manifest.lock\" > /dev/null\nif [ $? != 0 ] ; then\n    # print error to STDERR\n    echo \"error: The sandbox is not in sync with the Podfile.lock. Run 'pod install' or update your CocoaPods installation.\" >&2\n    exit 1\nfi\n";
			showEnvVarsInLog = 0;
		};
		F828A51F8FAB1A87FF3184BC /* [CP] Embed Pods Frameworks */ = {
			isa = PBXShellScriptBuildPhase;
			buildActionMask = 2147483647;
			files = (
			);
			inputPaths = (
			);
			name = "[CP] Embed Pods Frameworks";
			outputPaths = (
			);
			runOnlyForDeploymentPostprocessing = 0;
			shellPath = /bin/sh;
			shellScript = "\"${SRCROOT}/Pods/Target Support Files/Pods-DomZdravljaTests/Pods-DomZdravljaTests-frameworks.sh\"\n";
			showEnvVarsInLog = 0;
		};
/* End PBXShellScriptBuildPhase section */

/* Begin PBXSourcesBuildPhase section */
		089614E41E7FD11800F1AFDA /* Sources */ = {
			isa = PBXSourcesBuildPhase;
			buildActionMask = 2147483647;
			files = (
				08C2E3E31E8EDB4C00AA518A /* NewsDetailsViewController.swift in Sources */,
				0869D0E41E9672E800C8475E /* InputTextView.swift in Sources */,
				0869D1041E9C046B00C8475E /* VaccinesViewController.swift in Sources */,
				089614F41E7FD11800F1AFDA /* DomZdravlja.xcdatamodeld in Sources */,
				0869D0F41E98D66000C8475E /* FeedbackViewController.swift in Sources */,
				0869D0E81E96731A00C8475E /* CustomView.swift in Sources */,
				08C2E3EB1E92657500AA518A /* InputTextFieldView.swift in Sources */,
				0869D1061E9CD4EE00C8475E /* VaccinesDetailsViewController.swift in Sources */,
				08CE74A61E9D0E5100079466 /* LabelWithBackground.swift in Sources */,
				08C2E3E71E925DD800AA518A /* AppointmentFormViewController.swift in Sources */,
				0869D0FE1E9A795600C8475E /* InfoDetailsViewController.swift in Sources */,
				08B944381E82AAB9001B201B /* MainOptionsViewController.swift in Sources */,
				08B944C21E8E8E07001B201B /* Utilities.swift in Sources */,
				08B944431E856196001B201B /* NewsTableViewCell.swift in Sources */,
				08B944461E85690D001B201B /* News.swift in Sources */,
				0869D0F81E9913BC00C8475E /* ExplanationOverlayView.swift in Sources */,
				0869D0EA1E96B63100C8475E /* SocialNetworksViewController.swift in Sources */,
				08B944481E8886F8001B201B /* CommunicationService.swift in Sources */,
				0869D0DC1E94295B00C8475E /* UIViewController+HideKeyboard.swift in Sources */,
				089614EE1E7FD11800F1AFDA /* MasterViewController.swift in Sources */,
				089614EC1E7FD11800F1AFDA /* AppDelegate.swift in Sources */,
				0869D0FC1E9A494300C8475E /* InfoCenterViewController.swift in Sources */,
				08C2E3E51E9022E500AA518A /* InsetLabel.swift in Sources */,
				0869D1021E9BCD5C00C8475E /* DoctorsAdviceViewController.swift in Sources */,
				08B944401E854B64001B201B /* NewsViewController.swift in Sources */,
				08CE74AA1E9E4FC200079466 /* OnlineAppointmentViewController.swift in Sources */,
				0869D0F01E96F01200C8475E /* ContactViewController.swift in Sources */,
				0869D0EC1E96BAB300C8475E /* SocialMediaButtonView.swift in Sources */,
				0869D0E21E966D3C00C8475E /* BMICalculatorViewController.swift in Sources */,
				0896151D1E815D6F00F1AFDA /* Constants.swift in Sources */,
				08B9443C1E83DB62001B201B /* DrawerViewController.swift in Sources */,
				0869D0F61E98E50100C8475E /* SettingsViewController.swift in Sources */,
				0869D0E01E9558BE00C8475E /* InsuranceCheckViewController.swift in Sources */,
				0869D1001E9B872200C8475E /* String+Extension.swift in Sources */,
				0869D0DE1E94425300C8475E /* UIViewController+KeyboardNotifications.swift in Sources */,
			);
			runOnlyForDeploymentPostprocessing = 0;
		};
		089614FB1E7FD11800F1AFDA /* Sources */ = {
			isa = PBXSourcesBuildPhase;
			buildActionMask = 2147483647;
			files = (
				089615041E7FD11800F1AFDA /* DomZdravljaTests.swift in Sources */,
			);
			runOnlyForDeploymentPostprocessing = 0;
		};
		089615061E7FD11800F1AFDA /* Sources */ = {
			isa = PBXSourcesBuildPhase;
			buildActionMask = 2147483647;
			files = (
				0896150F1E7FD11800F1AFDA /* DomZdravljaUITests.swift in Sources */,
			);
			runOnlyForDeploymentPostprocessing = 0;
		};
/* End PBXSourcesBuildPhase section */

/* Begin PBXTargetDependency section */
		089615011E7FD11800F1AFDA /* PBXTargetDependency */ = {
			isa = PBXTargetDependency;
			target = 089614E71E7FD11800F1AFDA /* DomZdravlja */;
			targetProxy = 089615001E7FD11800F1AFDA /* PBXContainerItemProxy */;
		};
		0896150C1E7FD11800F1AFDA /* PBXTargetDependency */ = {
			isa = PBXTargetDependency;
			target = 089614E71E7FD11800F1AFDA /* DomZdravlja */;
			targetProxy = 0896150B1E7FD11800F1AFDA /* PBXContainerItemProxy */;
		};
/* End PBXTargetDependency section */

/* Begin PBXVariantGroup section */
		089614EF1E7FD11800F1AFDA /* Main.storyboard */ = {
			isa = PBXVariantGroup;
			children = (
				089614F01E7FD11800F1AFDA /* Base */,
			);
			name = Main.storyboard;
			sourceTree = "<group>";
		};
		089614F71E7FD11800F1AFDA /* LaunchScreen.storyboard */ = {
			isa = PBXVariantGroup;
			children = (
				089614F81E7FD11800F1AFDA /* Base */,
			);
			name = LaunchScreen.storyboard;
			sourceTree = "<group>";
		};
/* End PBXVariantGroup section */

/* Begin XCBuildConfiguration section */
		089615111E7FD11800F1AFDA /* Debug */ = {
			isa = XCBuildConfiguration;
			buildSettings = {
				ALWAYS_SEARCH_USER_PATHS = NO;
				CLANG_ANALYZER_NONNULL = YES;
				CLANG_CXX_LANGUAGE_STANDARD = "gnu++0x";
				CLANG_CXX_LIBRARY = "libc++";
				CLANG_ENABLE_MODULES = YES;
				CLANG_ENABLE_OBJC_ARC = YES;
				CLANG_WARN_BOOL_CONVERSION = YES;
				CLANG_WARN_CONSTANT_CONVERSION = YES;
				CLANG_WARN_DIRECT_OBJC_ISA_USAGE = YES_ERROR;
				CLANG_WARN_DOCUMENTATION_COMMENTS = YES;
				CLANG_WARN_EMPTY_BODY = YES;
				CLANG_WARN_ENUM_CONVERSION = YES;
				CLANG_WARN_INFINITE_RECURSION = YES;
				CLANG_WARN_INT_CONVERSION = YES;
				CLANG_WARN_OBJC_ROOT_CLASS = YES_ERROR;
				CLANG_WARN_SUSPICIOUS_MOVE = YES;
				CLANG_WARN_UNREACHABLE_CODE = YES;
				CLANG_WARN__DUPLICATE_METHOD_MATCH = YES;
				"CODE_SIGN_IDENTITY[sdk=iphoneos*]" = "iPhone Developer";
				COPY_PHASE_STRIP = NO;
				DEBUG_INFORMATION_FORMAT = dwarf;
				ENABLE_STRICT_OBJC_MSGSEND = YES;
				ENABLE_TESTABILITY = YES;
				GCC_C_LANGUAGE_STANDARD = gnu99;
				GCC_DYNAMIC_NO_PIC = NO;
				GCC_NO_COMMON_BLOCKS = YES;
				GCC_OPTIMIZATION_LEVEL = 0;
				GCC_PREPROCESSOR_DEFINITIONS = (
					"DEBUG=1",
					"$(inherited)",
				);
				GCC_WARN_64_TO_32_BIT_CONVERSION = YES;
				GCC_WARN_ABOUT_RETURN_TYPE = YES_ERROR;
				GCC_WARN_UNDECLARED_SELECTOR = YES;
				GCC_WARN_UNINITIALIZED_AUTOS = YES_AGGRESSIVE;
				GCC_WARN_UNUSED_FUNCTION = YES;
				GCC_WARN_UNUSED_VARIABLE = YES;
				IPHONEOS_DEPLOYMENT_TARGET = 10.2;
				MTL_ENABLE_DEBUG_INFO = YES;
				ONLY_ACTIVE_ARCH = YES;
				SDKROOT = iphoneos;
				SWIFT_ACTIVE_COMPILATION_CONDITIONS = DEBUG;
				SWIFT_OPTIMIZATION_LEVEL = "-Onone";
				TARGETED_DEVICE_FAMILY = "1,2";
			};
			name = Debug;
		};
		089615121E7FD11800F1AFDA /* Release */ = {
			isa = XCBuildConfiguration;
			buildSettings = {
				ALWAYS_SEARCH_USER_PATHS = NO;
				CLANG_ANALYZER_NONNULL = YES;
				CLANG_CXX_LANGUAGE_STANDARD = "gnu++0x";
				CLANG_CXX_LIBRARY = "libc++";
				CLANG_ENABLE_MODULES = YES;
				CLANG_ENABLE_OBJC_ARC = YES;
				CLANG_WARN_BOOL_CONVERSION = YES;
				CLANG_WARN_CONSTANT_CONVERSION = YES;
				CLANG_WARN_DIRECT_OBJC_ISA_USAGE = YES_ERROR;
				CLANG_WARN_DOCUMENTATION_COMMENTS = YES;
				CLANG_WARN_EMPTY_BODY = YES;
				CLANG_WARN_ENUM_CONVERSION = YES;
				CLANG_WARN_INFINITE_RECURSION = YES;
				CLANG_WARN_INT_CONVERSION = YES;
				CLANG_WARN_OBJC_ROOT_CLASS = YES_ERROR;
				CLANG_WARN_SUSPICIOUS_MOVE = YES;
				CLANG_WARN_UNREACHABLE_CODE = YES;
				CLANG_WARN__DUPLICATE_METHOD_MATCH = YES;
				"CODE_SIGN_IDENTITY[sdk=iphoneos*]" = "iPhone Developer";
				COPY_PHASE_STRIP = NO;
				DEBUG_INFORMATION_FORMAT = "dwarf-with-dsym";
				ENABLE_NS_ASSERTIONS = NO;
				ENABLE_STRICT_OBJC_MSGSEND = YES;
				GCC_C_LANGUAGE_STANDARD = gnu99;
				GCC_NO_COMMON_BLOCKS = YES;
				GCC_WARN_64_TO_32_BIT_CONVERSION = YES;
				GCC_WARN_ABOUT_RETURN_TYPE = YES_ERROR;
				GCC_WARN_UNDECLARED_SELECTOR = YES;
				GCC_WARN_UNINITIALIZED_AUTOS = YES_AGGRESSIVE;
				GCC_WARN_UNUSED_FUNCTION = YES;
				GCC_WARN_UNUSED_VARIABLE = YES;
				IPHONEOS_DEPLOYMENT_TARGET = 10.2;
				MTL_ENABLE_DEBUG_INFO = NO;
				SDKROOT = iphoneos;
				SWIFT_OPTIMIZATION_LEVEL = "-Owholemodule";
				TARGETED_DEVICE_FAMILY = "1,2";
				VALIDATE_PRODUCT = YES;
			};
			name = Release;
		};
		089615141E7FD11800F1AFDA /* Debug */ = {
			isa = XCBuildConfiguration;
			baseConfigurationReference = 8063099DDDF2EF0552BA0541 /* Pods-DomZdravlja.debug.xcconfig */;
			buildSettings = {
				ASSETCATALOG_COMPILER_APPICON_NAME = AppIcon;
				"CODE_SIGN_IDENTITY[sdk=iphoneos*]" = "iPhone Distribution";
				DEVELOPMENT_TEAM = UXWX3H22AD;
				INFOPLIST_FILE = DomZdravlja/Info.plist;
				IPHONEOS_DEPLOYMENT_TARGET = 10.0;
				LD_RUNPATH_SEARCH_PATHS = "$(inherited) @executable_path/Frameworks";
				PRODUCT_BUNDLE_IDENTIFIER = com.sabac.dzsabacios;
				PRODUCT_NAME = "$(TARGET_NAME)";
				PROVISIONING_PROFILE = "69ed51eb-beb1-4008-90ce-1fb6a8118f14";
				PROVISIONING_PROFILE_SPECIFIER = BBDomZdravljaDistributionProfile;
				SWIFT_VERSION = 3.0;
				TARGETED_DEVICE_FAMILY = 1;
			};
			name = Debug;
		};
		089615151E7FD11800F1AFDA /* Release */ = {
			isa = XCBuildConfiguration;
			baseConfigurationReference = 908C5723E0C14495A86CDABA /* Pods-DomZdravlja.release.xcconfig */;
			buildSettings = {
				ASSETCATALOG_COMPILER_APPICON_NAME = AppIcon;
				"CODE_SIGN_IDENTITY[sdk=iphoneos*]" = "iPhone Distribution";
				DEVELOPMENT_TEAM = UXWX3H22AD;
				INFOPLIST_FILE = DomZdravlja/Info.plist;
				IPHONEOS_DEPLOYMENT_TARGET = 10.0;
				LD_RUNPATH_SEARCH_PATHS = "$(inherited) @executable_path/Frameworks";
				PRODUCT_BUNDLE_IDENTIFIER = com.sabac.dzsabacios;
				PRODUCT_NAME = "$(TARGET_NAME)";
				PROVISIONING_PROFILE = "69ed51eb-beb1-4008-90ce-1fb6a8118f14";
				PROVISIONING_PROFILE_SPECIFIER = BBDomZdravljaDistributionProfile;
				SWIFT_VERSION = 3.0;
				TARGETED_DEVICE_FAMILY = 1;
			};
			name = Release;
		};
		089615171E7FD11800F1AFDA /* Debug */ = {
			isa = XCBuildConfiguration;
			baseConfigurationReference = 75A81B20A49D6A8F24AF63C8 /* Pods-DomZdravljaTests.debug.xcconfig */;
			buildSettings = {
				ALWAYS_EMBED_SWIFT_STANDARD_LIBRARIES = YES;
				BUNDLE_LOADER = "$(TEST_HOST)";
				DEVELOPMENT_TEAM = 4S4TN8CRJT;
				INFOPLIST_FILE = DomZdravljaTests/Info.plist;
				LD_RUNPATH_SEARCH_PATHS = "$(inherited) @executable_path/Frameworks @loader_path/Frameworks";
				PRODUCT_BUNDLE_IDENTIFIER = com.closedbrackets.DomZdravljaTests;
				PRODUCT_NAME = "$(TARGET_NAME)";
				SWIFT_VERSION = 3.0;
				TEST_HOST = "$(BUILT_PRODUCTS_DIR)/DomZdravlja.app/DomZdravlja";
			};
			name = Debug;
		};
		089615181E7FD11800F1AFDA /* Release */ = {
			isa = XCBuildConfiguration;
			baseConfigurationReference = 4D1F6712D9E91EC8EA5E39F3 /* Pods-DomZdravljaTests.release.xcconfig */;
			buildSettings = {
				ALWAYS_EMBED_SWIFT_STANDARD_LIBRARIES = YES;
				BUNDLE_LOADER = "$(TEST_HOST)";
				DEVELOPMENT_TEAM = 4S4TN8CRJT;
				INFOPLIST_FILE = DomZdravljaTests/Info.plist;
				LD_RUNPATH_SEARCH_PATHS = "$(inherited) @executable_path/Frameworks @loader_path/Frameworks";
				PRODUCT_BUNDLE_IDENTIFIER = com.closedbrackets.DomZdravljaTests;
				PRODUCT_NAME = "$(TARGET_NAME)";
				SWIFT_VERSION = 3.0;
				TEST_HOST = "$(BUILT_PRODUCTS_DIR)/DomZdravlja.app/DomZdravlja";
			};
			name = Release;
		};
		0896151A1E7FD11800F1AFDA /* Debug */ = {
			isa = XCBuildConfiguration;
			baseConfigurationReference = CE5A35744AC97F9C14786FB1 /* Pods-DomZdravljaUITests.debug.xcconfig */;
			buildSettings = {
				ALWAYS_EMBED_SWIFT_STANDARD_LIBRARIES = YES;
				DEVELOPMENT_TEAM = 4S4TN8CRJT;
				INFOPLIST_FILE = DomZdravljaUITests/Info.plist;
				LD_RUNPATH_SEARCH_PATHS = "$(inherited) @executable_path/Frameworks @loader_path/Frameworks";
				PRODUCT_BUNDLE_IDENTIFIER = com.closedbrackets.DomZdravljaUITests;
				PRODUCT_NAME = "$(TARGET_NAME)";
				SWIFT_VERSION = 3.0;
				TEST_TARGET_NAME = DomZdravlja;
			};
			name = Debug;
		};
		0896151B1E7FD11800F1AFDA /* Release */ = {
			isa = XCBuildConfiguration;
			baseConfigurationReference = 4CE57F489E6C04D987947029 /* Pods-DomZdravljaUITests.release.xcconfig */;
			buildSettings = {
				ALWAYS_EMBED_SWIFT_STANDARD_LIBRARIES = YES;
				DEVELOPMENT_TEAM = 4S4TN8CRJT;
				INFOPLIST_FILE = DomZdravljaUITests/Info.plist;
				LD_RUNPATH_SEARCH_PATHS = "$(inherited) @executable_path/Frameworks @loader_path/Frameworks";
				PRODUCT_BUNDLE_IDENTIFIER = com.closedbrackets.DomZdravljaUITests;
				PRODUCT_NAME = "$(TARGET_NAME)";
				SWIFT_VERSION = 3.0;
				TEST_TARGET_NAME = DomZdravlja;
			};
			name = Release;
		};
/* End XCBuildConfiguration section */

/* Begin XCConfigurationList section */
		089614E31E7FD11800F1AFDA /* Build configuration list for PBXProject "DomZdravlja" */ = {
			isa = XCConfigurationList;
			buildConfigurations = (
				089615111E7FD11800F1AFDA /* Debug */,
				089615121E7FD11800F1AFDA /* Release */,
			);
			defaultConfigurationIsVisible = 0;
			defaultConfigurationName = Release;
		};
		089615131E7FD11800F1AFDA /* Build configuration list for PBXNativeTarget "DomZdravlja" */ = {
			isa = XCConfigurationList;
			buildConfigurations = (
				089615141E7FD11800F1AFDA /* Debug */,
				089615151E7FD11800F1AFDA /* Release */,
			);
			defaultConfigurationIsVisible = 0;
			defaultConfigurationName = Release;
		};
		089615161E7FD11800F1AFDA /* Build configuration list for PBXNativeTarget "DomZdravljaTests" */ = {
			isa = XCConfigurationList;
			buildConfigurations = (
				089615171E7FD11800F1AFDA /* Debug */,
				089615181E7FD11800F1AFDA /* Release */,
			);
			defaultConfigurationIsVisible = 0;
			defaultConfigurationName = Release;
		};
		089615191E7FD11800F1AFDA /* Build configuration list for PBXNativeTarget "DomZdravljaUITests" */ = {
			isa = XCConfigurationList;
			buildConfigurations = (
				0896151A1E7FD11800F1AFDA /* Debug */,
				0896151B1E7FD11800F1AFDA /* Release */,
			);
			defaultConfigurationIsVisible = 0;
			defaultConfigurationName = Release;
		};
/* End XCConfigurationList section */

/* Begin XCVersionGroup section */
		089614F21E7FD11800F1AFDA /* DomZdravlja.xcdatamodeld */ = {
			isa = XCVersionGroup;
			children = (
				089614F31E7FD11800F1AFDA /* DomZdravlja.xcdatamodel */,
			);
			currentVersion = 089614F31E7FD11800F1AFDA /* DomZdravlja.xcdatamodel */;
			path = DomZdravlja.xcdatamodeld;
			sourceTree = "<group>";
			versionGroupType = wrapper.xcdatamodel;
		};
/* End XCVersionGroup section */
	};
	rootObject = 089614E01E7FD11800F1AFDA /* Project object */;
}
